
Microsoft Visual Studio Solution File, Format Version 12.00
# Visual Studio Version 17
VisualStudioVersion = 17.9.34616.47
MinimumVisualStudioVersion = 10.0.40219.1
Project("{FAE04EC0-301F-11D3-BF4B-00C04F79EFBC}") = "Day05", "Day05.csproj", "{C3979B46-0477-426A-BA13-F3FE1A628FA6}"
EndProject
Global
	GlobalSection(SolutionConfigurationPlatforms) = preSolution
		Debug|Any CPU = Debug|Any CPU
		Release|Any CPU = Release|Any CPU
	EndGlobalSection
	GlobalSection(ProjectConfigurationPlatforms) = postSolution
		{C3979B46-0477-426A-BA13-F3FE1A628FA6}.Debug|Any CPU.ActiveCfg = Debug|Any CPU
		{C3979B46-0477-426A-BA13-F3FE1A628FA6}.Debug|Any CPU.Build.0 = Debug|Any CPU
		{C3979B46-0477-426A-BA13-F3FE1A628FA6}.Release|Any CPU.ActiveCfg = Release|Any CPU
		{C3979B46-0477-426A-BA13-F3FE1A628FA6}.Release|Any CPU.Build.0 = Release|Any CPU
	EndGlobalSection
	GlobalSection(SolutionProperties) = preSolution
		HideSolutionNode = FALSE
	EndGlobalSection
	GlobalSection(ExtensibilityGlobals) = postSolution
		SolutionGuid = {21ED4D69-F807-49BB-9FB9-4D4610BC6187}
	EndGlobalSection
EndGlobal
