
Microsoft Visual Studio Solution File, Format Version 12.00
# Visual Studio Version 17
VisualStudioVersion = 17.8.34309.116
MinimumVisualStudioVersion = 10.0.40219.1
Project("{FAE04EC0-301F-11D3-BF4B-00C04F79EFBC}") = "Day08", "Day08.csproj", "{8F307CD9-BBF1-4C71-AED8-32E878C70027}"
EndProject
Global
	GlobalSection(SolutionConfigurationPlatforms) = preSolution
		Debug|Any CPU = Debug|Any CPU
		Release|Any CPU = Release|Any CPU
	EndGlobalSection
	GlobalSection(ProjectConfigurationPlatforms) = postSolution
		{8F307CD9-BBF1-4C71-AED8-32E878C70027}.Debug|Any CPU.ActiveCfg = Debug|Any CPU
		{8F307CD9-BBF1-4C71-AED8-32E878C70027}.Debug|Any CPU.Build.0 = Debug|Any CPU
		{8F307CD9-BBF1-4C71-AED8-32E878C70027}.Release|Any CPU.ActiveCfg = Release|Any CPU
		{8F307CD9-BBF1-4C71-AED8-32E878C70027}.Release|Any CPU.Build.0 = Release|Any CPU
	EndGlobalSection
	GlobalSection(SolutionProperties) = preSolution
		HideSolutionNode = FALSE
	EndGlobalSection
	GlobalSection(ExtensibilityGlobals) = postSolution
		SolutionGuid = {EF57A5E2-B4C5-4560-80A1-DA918F134C8F}
	EndGlobalSection
EndGlobal
