
Microsoft Visual Studio Solution File, Format Version 12.00
# Visual Studio Version 17
VisualStudioVersion = 17.8.34525.116
MinimumVisualStudioVersion = 10.0.40219.1
Project("{FAE04EC0-301F-11D3-BF4B-00C04F79EFBC}") = "Day20", "Day20.csproj", "{ABCAD928-3D7D-4B27-BF7B-83C2DB2300EF}"
EndProject
Global
	GlobalSection(SolutionConfigurationPlatforms) = preSolution
		Debug|Any CPU = Debug|Any CPU
		Release|Any CPU = Release|Any CPU
	EndGlobalSection
	GlobalSection(ProjectConfigurationPlatforms) = postSolution
		{ABCAD928-3D7D-4B27-BF7B-83C2DB2300EF}.Debug|Any CPU.ActiveCfg = Debug|Any CPU
		{ABCAD928-3D7D-4B27-BF7B-83C2DB2300EF}.Debug|Any CPU.Build.0 = Debug|Any CPU
		{ABCAD928-3D7D-4B27-BF7B-83C2DB2300EF}.Release|Any CPU.ActiveCfg = Release|Any CPU
		{ABCAD928-3D7D-4B27-BF7B-83C2DB2300EF}.Release|Any CPU.Build.0 = Release|Any CPU
	EndGlobalSection
	GlobalSection(SolutionProperties) = preSolution
		HideSolutionNode = FALSE
	EndGlobalSection
	GlobalSection(ExtensibilityGlobals) = postSolution
		SolutionGuid = {312108D7-D44A-439C-98E2-4075B988EC23}
	EndGlobalSection
EndGlobal
