
Microsoft Visual Studio Solution File, Format Version 12.00
# Visual Studio Version 17
VisualStudioVersion = 17.8.34525.116
MinimumVisualStudioVersion = 10.0.40219.1
Project("{FAE04EC0-301F-11D3-BF4B-00C04F79EFBC}") = "Day09", "Day09.csproj", "{60D1B675-6E92-4CAF-9625-27E3AE4B1AC3}"
EndProject
Global
	GlobalSection(SolutionConfigurationPlatforms) = preSolution
		Debug|Any CPU = Debug|Any CPU
		Release|Any CPU = Release|Any CPU
	EndGlobalSection
	GlobalSection(ProjectConfigurationPlatforms) = postSolution
		{60D1B675-6E92-4CAF-9625-27E3AE4B1AC3}.Debug|Any CPU.ActiveCfg = Debug|Any CPU
		{60D1B675-6E92-4CAF-9625-27E3AE4B1AC3}.Debug|Any CPU.Build.0 = Debug|Any CPU
		{60D1B675-6E92-4CAF-9625-27E3AE4B1AC3}.Release|Any CPU.ActiveCfg = Release|Any CPU
		{60D1B675-6E92-4CAF-9625-27E3AE4B1AC3}.Release|Any CPU.Build.0 = Release|Any CPU
	EndGlobalSection
	GlobalSection(SolutionProperties) = preSolution
		HideSolutionNode = FALSE
	EndGlobalSection
	GlobalSection(ExtensibilityGlobals) = postSolution
		SolutionGuid = {22066082-ABE8-4E10-960C-88D37B32D626}
	EndGlobalSection
EndGlobal
