
Microsoft Visual Studio Solution File, Format Version 12.00
# Visual Studio Version 17
VisualStudioVersion = 17.10.34928.147
MinimumVisualStudioVersion = 10.0.40219.1
Project("{FAE04EC0-301F-11D3-BF4B-00C04F79EFBC}") = "Day11", "Day11.csproj", "{F53AC30E-5D51-4FBB-B268-41D1102C7FF4}"
EndProject
Global
	GlobalSection(SolutionConfigurationPlatforms) = preSolution
		Debug|Any CPU = Debug|Any CPU
		Release|Any CPU = Release|Any CPU
	EndGlobalSection
	GlobalSection(ProjectConfigurationPlatforms) = postSolution
		{F53AC30E-5D51-4FBB-B268-41D1102C7FF4}.Debug|Any CPU.ActiveCfg = Debug|Any CPU
		{F53AC30E-5D51-4FBB-B268-41D1102C7FF4}.Debug|Any CPU.Build.0 = Debug|Any CPU
		{F53AC30E-5D51-4FBB-B268-41D1102C7FF4}.Release|Any CPU.ActiveCfg = Release|Any CPU
		{F53AC30E-5D51-4FBB-B268-41D1102C7FF4}.Release|Any CPU.Build.0 = Release|Any CPU
	EndGlobalSection
	GlobalSection(SolutionProperties) = preSolution
		HideSolutionNode = FALSE
	EndGlobalSection
	GlobalSection(ExtensibilityGlobals) = postSolution
		SolutionGuid = {3CF74391-FD64-4EA6-BF92-F4DC57882232}
	EndGlobalSection
EndGlobal
