
Microsoft Visual Studio Solution File, Format Version 12.00
# Visual Studio Version 17
VisualStudioVersion = 17.8.34408.163
MinimumVisualStudioVersion = 10.0.40219.1
Project("{FAE04EC0-301F-11D3-BF4B-00C04F79EFBC}") = "Day04", "Day04.csproj", "{A25369F4-6B29-4154-970C-609A2CFC1B9B}"
EndProject
Global
	GlobalSection(SolutionConfigurationPlatforms) = preSolution
		Debug|Any CPU = Debug|Any CPU
		Release|Any CPU = Release|Any CPU
	EndGlobalSection
	GlobalSection(ProjectConfigurationPlatforms) = postSolution
		{A25369F4-6B29-4154-970C-609A2CFC1B9B}.Debug|Any CPU.ActiveCfg = Debug|Any CPU
		{A25369F4-6B29-4154-970C-609A2CFC1B9B}.Debug|Any CPU.Build.0 = Debug|Any CPU
		{A25369F4-6B29-4154-970C-609A2CFC1B9B}.Release|Any CPU.ActiveCfg = Release|Any CPU
		{A25369F4-6B29-4154-970C-609A2CFC1B9B}.Release|Any CPU.Build.0 = Release|Any CPU
	EndGlobalSection
	GlobalSection(SolutionProperties) = preSolution
		HideSolutionNode = FALSE
	EndGlobalSection
	GlobalSection(ExtensibilityGlobals) = postSolution
		SolutionGuid = {17A90712-76D9-41C5-B86C-3C73818BFCA0}
	EndGlobalSection
EndGlobal
