
Microsoft Visual Studio Solution File, Format Version 12.00
# Visual Studio Version 17
VisualStudioVersion = 17.8.34309.116
MinimumVisualStudioVersion = 10.0.40219.1
Project("{FAE04EC0-301F-11D3-BF4B-00C04F79EFBC}") = "Day07", "Day07.csproj", "{35846D20-268E-4C64-B7F4-D46C38BAE5C0}"
EndProject
Global
	GlobalSection(SolutionConfigurationPlatforms) = preSolution
		Debug|Any CPU = Debug|Any CPU
		Release|Any CPU = Release|Any CPU
	EndGlobalSection
	GlobalSection(ProjectConfigurationPlatforms) = postSolution
		{35846D20-268E-4C64-B7F4-D46C38BAE5C0}.Debug|Any CPU.ActiveCfg = Debug|Any CPU
		{35846D20-268E-4C64-B7F4-D46C38BAE5C0}.Debug|Any CPU.Build.0 = Debug|Any CPU
		{35846D20-268E-4C64-B7F4-D46C38BAE5C0}.Release|Any CPU.ActiveCfg = Release|Any CPU
		{35846D20-268E-4C64-B7F4-D46C38BAE5C0}.Release|Any CPU.Build.0 = Release|Any CPU
	EndGlobalSection
	GlobalSection(SolutionProperties) = preSolution
		HideSolutionNode = FALSE
	EndGlobalSection
	GlobalSection(ExtensibilityGlobals) = postSolution
		SolutionGuid = {68C7429F-C61E-4076-9B88-940ACCC6D757}
	EndGlobalSection
EndGlobal
