
Microsoft Visual Studio Solution File, Format Version 12.00
# Visual Studio Version 17
VisualStudioVersion = 17.8.34309.116
MinimumVisualStudioVersion = 10.0.40219.1
Project("{FAE04EC0-301F-11D3-BF4B-00C04F79EFBC}") = "Day14", "Day14.csproj", "{AC4FF2B1-035A-40A5-A8FD-B9D4C7698814}"
EndProject
Global
	GlobalSection(SolutionConfigurationPlatforms) = preSolution
		Debug|Any CPU = Debug|Any CPU
		Release|Any CPU = Release|Any CPU
	EndGlobalSection
	GlobalSection(ProjectConfigurationPlatforms) = postSolution
		{AC4FF2B1-035A-40A5-A8FD-B9D4C7698814}.Debug|Any CPU.ActiveCfg = Debug|Any CPU
		{AC4FF2B1-035A-40A5-A8FD-B9D4C7698814}.Debug|Any CPU.Build.0 = Debug|Any CPU
		{AC4FF2B1-035A-40A5-A8FD-B9D4C7698814}.Release|Any CPU.ActiveCfg = Release|Any CPU
		{AC4FF2B1-035A-40A5-A8FD-B9D4C7698814}.Release|Any CPU.Build.0 = Release|Any CPU
	EndGlobalSection
	GlobalSection(SolutionProperties) = preSolution
		HideSolutionNode = FALSE
	EndGlobalSection
	GlobalSection(ExtensibilityGlobals) = postSolution
		SolutionGuid = {300B93B4-838A-4504-8E34-08D195FCCAD4}
	EndGlobalSection
EndGlobal
