
Microsoft Visual Studio Solution File, Format Version 12.00
# Visual Studio Version 17
VisualStudioVersion = 17.9.34607.119
MinimumVisualStudioVersion = 10.0.40219.1
Project("{FAE04EC0-301F-11D3-BF4B-00C04F79EFBC}") = "Day10", "Day10.csproj", "{795FE760-3633-4735-9F6C-36FAB60D533F}"
EndProject
Global
	GlobalSection(SolutionConfigurationPlatforms) = preSolution
		Debug|Any CPU = Debug|Any CPU
		Release|Any CPU = Release|Any CPU
	EndGlobalSection
	GlobalSection(ProjectConfigurationPlatforms) = postSolution
		{795FE760-3633-4735-9F6C-36FAB60D533F}.Debug|Any CPU.ActiveCfg = Debug|Any CPU
		{795FE760-3633-4735-9F6C-36FAB60D533F}.Debug|Any CPU.Build.0 = Debug|Any CPU
		{795FE760-3633-4735-9F6C-36FAB60D533F}.Release|Any CPU.ActiveCfg = Release|Any CPU
		{795FE760-3633-4735-9F6C-36FAB60D533F}.Release|Any CPU.Build.0 = Release|Any CPU
	EndGlobalSection
	GlobalSection(SolutionProperties) = preSolution
		HideSolutionNode = FALSE
	EndGlobalSection
	GlobalSection(ExtensibilityGlobals) = postSolution
		SolutionGuid = {DE558094-F063-4824-93FF-B48AB2E5EAB4}
	EndGlobalSection
EndGlobal
