
Microsoft Visual Studio Solution File, Format Version 12.00
# Visual Studio Version 17
VisualStudioVersion = 17.8.34408.163
MinimumVisualStudioVersion = 10.0.40219.1
Project("{FAE04EC0-301F-11D3-BF4B-00C04F79EFBC}") = "Day10", "Day10.csproj", "{12E1FB56-3032-4066-AE9F-F53D92C621D7}"
EndProject
Global
	GlobalSection(SolutionConfigurationPlatforms) = preSolution
		Debug|Any CPU = Debug|Any CPU
		Release|Any CPU = Release|Any CPU
	EndGlobalSection
	GlobalSection(ProjectConfigurationPlatforms) = postSolution
		{12E1FB56-3032-4066-AE9F-F53D92C621D7}.Debug|Any CPU.ActiveCfg = Debug|Any CPU
		{12E1FB56-3032-4066-AE9F-F53D92C621D7}.Debug|Any CPU.Build.0 = Debug|Any CPU
		{12E1FB56-3032-4066-AE9F-F53D92C621D7}.Release|Any CPU.ActiveCfg = Release|Any CPU
		{12E1FB56-3032-4066-AE9F-F53D92C621D7}.Release|Any CPU.Build.0 = Release|Any CPU
	EndGlobalSection
	GlobalSection(SolutionProperties) = preSolution
		HideSolutionNode = FALSE
	EndGlobalSection
	GlobalSection(ExtensibilityGlobals) = postSolution
		SolutionGuid = {99337AE7-35E2-46A8-8745-29EFACC6888A}
	EndGlobalSection
EndGlobal
