
Microsoft Visual Studio Solution File, Format Version 12.00
# Visual Studio Version 17
VisualStudioVersion = 17.8.34408.163
MinimumVisualStudioVersion = 10.0.40219.1
Project("{FAE04EC0-301F-11D3-BF4B-00C04F79EFBC}") = "Day08", "Day08.csproj", "{B9EB025C-65A3-4EE2-8452-8A3300B56380}"
EndProject
Global
	GlobalSection(SolutionConfigurationPlatforms) = preSolution
		Debug|Any CPU = Debug|Any CPU
		Release|Any CPU = Release|Any CPU
	EndGlobalSection
	GlobalSection(ProjectConfigurationPlatforms) = postSolution
		{B9EB025C-65A3-4EE2-8452-8A3300B56380}.Debug|Any CPU.ActiveCfg = Debug|Any CPU
		{B9EB025C-65A3-4EE2-8452-8A3300B56380}.Debug|Any CPU.Build.0 = Debug|Any CPU
		{B9EB025C-65A3-4EE2-8452-8A3300B56380}.Release|Any CPU.ActiveCfg = Release|Any CPU
		{B9EB025C-65A3-4EE2-8452-8A3300B56380}.Release|Any CPU.Build.0 = Release|Any CPU
	EndGlobalSection
	GlobalSection(SolutionProperties) = preSolution
		HideSolutionNode = FALSE
	EndGlobalSection
	GlobalSection(ExtensibilityGlobals) = postSolution
		SolutionGuid = {C774B496-464F-4701-892A-8D464E70873C}
	EndGlobalSection
EndGlobal
