
Microsoft Visual Studio Solution File, Format Version 12.00
# Visual Studio Version 17
VisualStudioVersion = 17.8.34330.188
MinimumVisualStudioVersion = 10.0.40219.1
Project("{FAE04EC0-301F-11D3-BF4B-00C04F79EFBC}") = "Day22", "Day22.csproj", "{BC61973C-01D4-44A8-B407-F4683E1915F8}"
EndProject
Global
	GlobalSection(SolutionConfigurationPlatforms) = preSolution
		Debug|Any CPU = Debug|Any CPU
		Release|Any CPU = Release|Any CPU
	EndGlobalSection
	GlobalSection(ProjectConfigurationPlatforms) = postSolution
		{BC61973C-01D4-44A8-B407-F4683E1915F8}.Debug|Any CPU.ActiveCfg = Debug|Any CPU
		{BC61973C-01D4-44A8-B407-F4683E1915F8}.Debug|Any CPU.Build.0 = Debug|Any CPU
		{BC61973C-01D4-44A8-B407-F4683E1915F8}.Release|Any CPU.ActiveCfg = Release|Any CPU
		{BC61973C-01D4-44A8-B407-F4683E1915F8}.Release|Any CPU.Build.0 = Release|Any CPU
	EndGlobalSection
	GlobalSection(SolutionProperties) = preSolution
		HideSolutionNode = FALSE
	EndGlobalSection
	GlobalSection(ExtensibilityGlobals) = postSolution
		SolutionGuid = {81FE5F16-5D87-4018-A40F-E8C4655F109E}
	EndGlobalSection
EndGlobal
