
Microsoft Visual Studio Solution File, Format Version 12.00
# Visual Studio Version 17
VisualStudioVersion = 17.8.34309.116
MinimumVisualStudioVersion = 10.0.40219.1
Project("{FAE04EC0-301F-11D3-BF4B-00C04F79EFBC}") = "Day14", "Day14.csproj", "{ED1460DB-5C8E-497A-B798-29D590F7A690}"
EndProject
Global
	GlobalSection(SolutionConfigurationPlatforms) = preSolution
		Debug|Any CPU = Debug|Any CPU
		Release|Any CPU = Release|Any CPU
	EndGlobalSection
	GlobalSection(ProjectConfigurationPlatforms) = postSolution
		{ED1460DB-5C8E-497A-B798-29D590F7A690}.Debug|Any CPU.ActiveCfg = Debug|Any CPU
		{ED1460DB-5C8E-497A-B798-29D590F7A690}.Debug|Any CPU.Build.0 = Debug|Any CPU
		{ED1460DB-5C8E-497A-B798-29D590F7A690}.Release|Any CPU.ActiveCfg = Release|Any CPU
		{ED1460DB-5C8E-497A-B798-29D590F7A690}.Release|Any CPU.Build.0 = Release|Any CPU
	EndGlobalSection
	GlobalSection(SolutionProperties) = preSolution
		HideSolutionNode = FALSE
	EndGlobalSection
	GlobalSection(ExtensibilityGlobals) = postSolution
		SolutionGuid = {694BF205-2BBE-4A5A-AB26-CB2F10986A63}
	EndGlobalSection
EndGlobal
