
Microsoft Visual Studio Solution File, Format Version 12.00
# Visual Studio Version 17
VisualStudioVersion = 17.9.34616.47
MinimumVisualStudioVersion = 10.0.40219.1
Project("{FAE04EC0-301F-11D3-BF4B-00C04F79EFBC}") = "Day25", "Day25.csproj", "{7F6426F2-E6F2-4C04-90E4-8D24A2E8D17C}"
EndProject
Global
	GlobalSection(SolutionConfigurationPlatforms) = preSolution
		Debug|Any CPU = Debug|Any CPU
		Release|Any CPU = Release|Any CPU
	EndGlobalSection
	GlobalSection(ProjectConfigurationPlatforms) = postSolution
		{7F6426F2-E6F2-4C04-90E4-8D24A2E8D17C}.Debug|Any CPU.ActiveCfg = Debug|Any CPU
		{7F6426F2-E6F2-4C04-90E4-8D24A2E8D17C}.Debug|Any CPU.Build.0 = Debug|Any CPU
		{7F6426F2-E6F2-4C04-90E4-8D24A2E8D17C}.Release|Any CPU.ActiveCfg = Release|Any CPU
		{7F6426F2-E6F2-4C04-90E4-8D24A2E8D17C}.Release|Any CPU.Build.0 = Release|Any CPU
	EndGlobalSection
	GlobalSection(SolutionProperties) = preSolution
		HideSolutionNode = FALSE
	EndGlobalSection
	GlobalSection(ExtensibilityGlobals) = postSolution
		SolutionGuid = {64C37EA4-5962-48B0-A751-80D16008CCC5}
	EndGlobalSection
EndGlobal
