
Microsoft Visual Studio Solution File, Format Version 12.00
# Visual Studio Version 17
VisualStudioVersion = 17.8.34330.188
MinimumVisualStudioVersion = 10.0.40219.1
Project("{FAE04EC0-301F-11D3-BF4B-00C04F79EFBC}") = "Day14", "Day14.csproj", "{96B32723-1934-4927-AB45-92D955C9E86D}"
EndProject
Global
	GlobalSection(SolutionConfigurationPlatforms) = preSolution
		Debug|Any CPU = Debug|Any CPU
		Release|Any CPU = Release|Any CPU
	EndGlobalSection
	GlobalSection(ProjectConfigurationPlatforms) = postSolution
		{96B32723-1934-4927-AB45-92D955C9E86D}.Debug|Any CPU.ActiveCfg = Debug|Any CPU
		{96B32723-1934-4927-AB45-92D955C9E86D}.Debug|Any CPU.Build.0 = Debug|Any CPU
		{96B32723-1934-4927-AB45-92D955C9E86D}.Release|Any CPU.ActiveCfg = Release|Any CPU
		{96B32723-1934-4927-AB45-92D955C9E86D}.Release|Any CPU.Build.0 = Release|Any CPU
	EndGlobalSection
	GlobalSection(SolutionProperties) = preSolution
		HideSolutionNode = FALSE
	EndGlobalSection
	GlobalSection(ExtensibilityGlobals) = postSolution
		SolutionGuid = {8B12D8BC-ECEF-461E-95D6-F64D87891352}
	EndGlobalSection
EndGlobal
