
Microsoft Visual Studio Solution File, Format Version 12.00
# Visual Studio Version 17
VisualStudioVersion = 17.8.34309.116
MinimumVisualStudioVersion = 10.0.40219.1
Project("{FAE04EC0-301F-11D3-BF4B-00C04F79EFBC}") = "Day06", "Day06.csproj", "{96E25B02-DB52-4B89-959C-A710AE8F8A7C}"
EndProject
Global
	GlobalSection(SolutionConfigurationPlatforms) = preSolution
		Debug|Any CPU = Debug|Any CPU
		Release|Any CPU = Release|Any CPU
	EndGlobalSection
	GlobalSection(ProjectConfigurationPlatforms) = postSolution
		{96E25B02-DB52-4B89-959C-A710AE8F8A7C}.Debug|Any CPU.ActiveCfg = Debug|Any CPU
		{96E25B02-DB52-4B89-959C-A710AE8F8A7C}.Debug|Any CPU.Build.0 = Debug|Any CPU
		{96E25B02-DB52-4B89-959C-A710AE8F8A7C}.Release|Any CPU.ActiveCfg = Release|Any CPU
		{96E25B02-DB52-4B89-959C-A710AE8F8A7C}.Release|Any CPU.Build.0 = Release|Any CPU
	EndGlobalSection
	GlobalSection(SolutionProperties) = preSolution
		HideSolutionNode = FALSE
	EndGlobalSection
	GlobalSection(ExtensibilityGlobals) = postSolution
		SolutionGuid = {B2FFA09C-AD7F-46D2-928B-3CFC809B1332}
	EndGlobalSection
EndGlobal
