
Microsoft Visual Studio Solution File, Format Version 12.00
# Visual Studio Version 17
VisualStudioVersion = 17.8.34408.163
MinimumVisualStudioVersion = 10.0.40219.1
Project("{FAE04EC0-301F-11D3-BF4B-00C04F79EFBC}") = "Day19", "Day19.csproj", "{E669A8F3-5635-454F-9749-4DC2E4EC0B9F}"
EndProject
Global
	GlobalSection(SolutionConfigurationPlatforms) = preSolution
		Debug|Any CPU = Debug|Any CPU
		Release|Any CPU = Release|Any CPU
	EndGlobalSection
	GlobalSection(ProjectConfigurationPlatforms) = postSolution
		{E669A8F3-5635-454F-9749-4DC2E4EC0B9F}.Debug|Any CPU.ActiveCfg = Debug|Any CPU
		{E669A8F3-5635-454F-9749-4DC2E4EC0B9F}.Debug|Any CPU.Build.0 = Debug|Any CPU
		{E669A8F3-5635-454F-9749-4DC2E4EC0B9F}.Release|Any CPU.ActiveCfg = Release|Any CPU
		{E669A8F3-5635-454F-9749-4DC2E4EC0B9F}.Release|Any CPU.Build.0 = Release|Any CPU
	EndGlobalSection
	GlobalSection(SolutionProperties) = preSolution
		HideSolutionNode = FALSE
	EndGlobalSection
	GlobalSection(ExtensibilityGlobals) = postSolution
		SolutionGuid = {2F8C6760-BA4C-4FF0-90A2-7D6FE797CF07}
	EndGlobalSection
EndGlobal
