
Microsoft Visual Studio Solution File, Format Version 12.00
# Visual Studio Version 17
VisualStudioVersion = 17.8.34330.188
MinimumVisualStudioVersion = 10.0.40219.1
Project("{FAE04EC0-301F-11D3-BF4B-00C04F79EFBC}") = "Day03", "Day03.csproj", "{2CC0A852-D41C-4497-9C58-E9DC33A587C6}"
EndProject
Global
	GlobalSection(SolutionConfigurationPlatforms) = preSolution
		Debug|Any CPU = Debug|Any CPU
		Release|Any CPU = Release|Any CPU
	EndGlobalSection
	GlobalSection(ProjectConfigurationPlatforms) = postSolution
		{2CC0A852-D41C-4497-9C58-E9DC33A587C6}.Debug|Any CPU.ActiveCfg = Debug|Any CPU
		{2CC0A852-D41C-4497-9C58-E9DC33A587C6}.Debug|Any CPU.Build.0 = Debug|Any CPU
		{2CC0A852-D41C-4497-9C58-E9DC33A587C6}.Release|Any CPU.ActiveCfg = Release|Any CPU
		{2CC0A852-D41C-4497-9C58-E9DC33A587C6}.Release|Any CPU.Build.0 = Release|Any CPU
	EndGlobalSection
	GlobalSection(SolutionProperties) = preSolution
		HideSolutionNode = FALSE
	EndGlobalSection
	GlobalSection(ExtensibilityGlobals) = postSolution
		SolutionGuid = {D5CED521-3BAF-453F-BB4D-7023DFE7C535}
	EndGlobalSection
EndGlobal
