
Microsoft Visual Studio Solution File, Format Version 12.00
# Visual Studio Version 17
VisualStudioVersion = 17.8.34525.116
MinimumVisualStudioVersion = 10.0.40219.1
Project("{FAE04EC0-301F-11D3-BF4B-00C04F79EFBC}") = "Day08", "Day08.csproj", "{34D72119-3C89-4E69-B292-30AAA5DD8826}"
EndProject
Global
	GlobalSection(SolutionConfigurationPlatforms) = preSolution
		Debug|Any CPU = Debug|Any CPU
		Release|Any CPU = Release|Any CPU
	EndGlobalSection
	GlobalSection(ProjectConfigurationPlatforms) = postSolution
		{34D72119-3C89-4E69-B292-30AAA5DD8826}.Debug|Any CPU.ActiveCfg = Debug|Any CPU
		{34D72119-3C89-4E69-B292-30AAA5DD8826}.Debug|Any CPU.Build.0 = Debug|Any CPU
		{34D72119-3C89-4E69-B292-30AAA5DD8826}.Release|Any CPU.ActiveCfg = Release|Any CPU
		{34D72119-3C89-4E69-B292-30AAA5DD8826}.Release|Any CPU.Build.0 = Release|Any CPU
	EndGlobalSection
	GlobalSection(SolutionProperties) = preSolution
		HideSolutionNode = FALSE
	EndGlobalSection
	GlobalSection(ExtensibilityGlobals) = postSolution
		SolutionGuid = {68DC3E15-CEB3-40CC-8C5D-508B424383BE}
	EndGlobalSection
EndGlobal
