
Microsoft Visual Studio Solution File, Format Version 12.00
# Visual Studio Version 17
VisualStudioVersion = 17.8.34408.163
MinimumVisualStudioVersion = 10.0.40219.1
Project("{FAE04EC0-301F-11D3-BF4B-00C04F79EFBC}") = "Day17", "Day17.csproj", "{8139C540-95C7-46F2-A8E3-B68C01272E5C}"
EndProject
Global
	GlobalSection(SolutionConfigurationPlatforms) = preSolution
		Debug|Any CPU = Debug|Any CPU
		Release|Any CPU = Release|Any CPU
	EndGlobalSection
	GlobalSection(ProjectConfigurationPlatforms) = postSolution
		{8139C540-95C7-46F2-A8E3-B68C01272E5C}.Debug|Any CPU.ActiveCfg = Debug|Any CPU
		{8139C540-95C7-46F2-A8E3-B68C01272E5C}.Debug|Any CPU.Build.0 = Debug|Any CPU
		{8139C540-95C7-46F2-A8E3-B68C01272E5C}.Release|Any CPU.ActiveCfg = Release|Any CPU
		{8139C540-95C7-46F2-A8E3-B68C01272E5C}.Release|Any CPU.Build.0 = Release|Any CPU
	EndGlobalSection
	GlobalSection(SolutionProperties) = preSolution
		HideSolutionNode = FALSE
	EndGlobalSection
	GlobalSection(ExtensibilityGlobals) = postSolution
		SolutionGuid = {2CD86A8C-7F8B-46DC-A450-8198D62F071B}
	EndGlobalSection
EndGlobal
