
Microsoft Visual Studio Solution File, Format Version 12.00
# Visual Studio Version 17
VisualStudioVersion = 17.8.34408.163
MinimumVisualStudioVersion = 10.0.40219.1
Project("{FAE04EC0-301F-11D3-BF4B-00C04F79EFBC}") = "Day13", "Day13.csproj", "{15171FC4-7D96-42D4-8549-F3819886A547}"
EndProject
Global
	GlobalSection(SolutionConfigurationPlatforms) = preSolution
		Debug|Any CPU = Debug|Any CPU
		Release|Any CPU = Release|Any CPU
	EndGlobalSection
	GlobalSection(ProjectConfigurationPlatforms) = postSolution
		{15171FC4-7D96-42D4-8549-F3819886A547}.Debug|Any CPU.ActiveCfg = Debug|Any CPU
		{15171FC4-7D96-42D4-8549-F3819886A547}.Debug|Any CPU.Build.0 = Debug|Any CPU
		{15171FC4-7D96-42D4-8549-F3819886A547}.Release|Any CPU.ActiveCfg = Release|Any CPU
		{15171FC4-7D96-42D4-8549-F3819886A547}.Release|Any CPU.Build.0 = Release|Any CPU
	EndGlobalSection
	GlobalSection(SolutionProperties) = preSolution
		HideSolutionNode = FALSE
	EndGlobalSection
	GlobalSection(ExtensibilityGlobals) = postSolution
		SolutionGuid = {C6E4EC7D-121E-4CF3-9821-91989FBA3992}
	EndGlobalSection
EndGlobal
