
Microsoft Visual Studio Solution File, Format Version 12.00
# Visual Studio Version 17
VisualStudioVersion = 17.8.34330.188
MinimumVisualStudioVersion = 10.0.40219.1
Project("{FAE04EC0-301F-11D3-BF4B-00C04F79EFBC}") = "Day23", "Day23.csproj", "{AC4D080F-CBCE-4FD0-843B-0B621036D4C8}"
EndProject
Global
	GlobalSection(SolutionConfigurationPlatforms) = preSolution
		Debug|Any CPU = Debug|Any CPU
		Release|Any CPU = Release|Any CPU
	EndGlobalSection
	GlobalSection(ProjectConfigurationPlatforms) = postSolution
		{AC4D080F-CBCE-4FD0-843B-0B621036D4C8}.Debug|Any CPU.ActiveCfg = Debug|Any CPU
		{AC4D080F-CBCE-4FD0-843B-0B621036D4C8}.Debug|Any CPU.Build.0 = Debug|Any CPU
		{AC4D080F-CBCE-4FD0-843B-0B621036D4C8}.Release|Any CPU.ActiveCfg = Release|Any CPU
		{AC4D080F-CBCE-4FD0-843B-0B621036D4C8}.Release|Any CPU.Build.0 = Release|Any CPU
	EndGlobalSection
	GlobalSection(SolutionProperties) = preSolution
		HideSolutionNode = FALSE
	EndGlobalSection
	GlobalSection(ExtensibilityGlobals) = postSolution
		SolutionGuid = {9A9C6FD3-7ACC-4426-A8F8-ADCFFAD50EB6}
	EndGlobalSection
EndGlobal
