
Microsoft Visual Studio Solution File, Format Version 12.00
# Visual Studio Version 17
VisualStudioVersion = 17.8.34525.116
MinimumVisualStudioVersion = 10.0.40219.1
Project("{FAE04EC0-301F-11D3-BF4B-00C04F79EFBC}") = "Day15", "Day15.csproj", "{B4A12693-6475-43C9-AD06-23096A6C4D99}"
EndProject
Global
	GlobalSection(SolutionConfigurationPlatforms) = preSolution
		Debug|Any CPU = Debug|Any CPU
		Release|Any CPU = Release|Any CPU
	EndGlobalSection
	GlobalSection(ProjectConfigurationPlatforms) = postSolution
		{B4A12693-6475-43C9-AD06-23096A6C4D99}.Debug|Any CPU.ActiveCfg = Debug|Any CPU
		{B4A12693-6475-43C9-AD06-23096A6C4D99}.Debug|Any CPU.Build.0 = Debug|Any CPU
		{B4A12693-6475-43C9-AD06-23096A6C4D99}.Release|Any CPU.ActiveCfg = Release|Any CPU
		{B4A12693-6475-43C9-AD06-23096A6C4D99}.Release|Any CPU.Build.0 = Release|Any CPU
	EndGlobalSection
	GlobalSection(SolutionProperties) = preSolution
		HideSolutionNode = FALSE
	EndGlobalSection
	GlobalSection(ExtensibilityGlobals) = postSolution
		SolutionGuid = {7390E347-2A02-4601-BCFE-B5E5BD924B54}
	EndGlobalSection
EndGlobal
