
Microsoft Visual Studio Solution File, Format Version 12.00
# Visual Studio Version 17
VisualStudioVersion = 17.8.34309.116
MinimumVisualStudioVersion = 10.0.40219.1
Project("{FAE04EC0-301F-11D3-BF4B-00C04F79EFBC}") = "Day02", "Day02.csproj", "{68AF7C1C-051F-49D6-9098-C3BF40129947}"
EndProject
Global
	GlobalSection(SolutionConfigurationPlatforms) = preSolution
		Debug|Any CPU = Debug|Any CPU
		Release|Any CPU = Release|Any CPU
	EndGlobalSection
	GlobalSection(ProjectConfigurationPlatforms) = postSolution
		{68AF7C1C-051F-49D6-9098-C3BF40129947}.Debug|Any CPU.ActiveCfg = Debug|Any CPU
		{68AF7C1C-051F-49D6-9098-C3BF40129947}.Debug|Any CPU.Build.0 = Debug|Any CPU
		{68AF7C1C-051F-49D6-9098-C3BF40129947}.Release|Any CPU.ActiveCfg = Release|Any CPU
		{68AF7C1C-051F-49D6-9098-C3BF40129947}.Release|Any CPU.Build.0 = Release|Any CPU
	EndGlobalSection
	GlobalSection(SolutionProperties) = preSolution
		HideSolutionNode = FALSE
	EndGlobalSection
	GlobalSection(ExtensibilityGlobals) = postSolution
		SolutionGuid = {DD099095-2593-447D-A138-08CFF68E9836}
	EndGlobalSection
EndGlobal
