
Microsoft Visual Studio Solution File, Format Version 12.00
# Visual Studio Version 17
VisualStudioVersion = 17.8.34330.188
MinimumVisualStudioVersion = 10.0.40219.1
Project("{FAE04EC0-301F-11D3-BF4B-00C04F79EFBC}") = "Day02", "Day02.csproj", "{3427207E-36D1-49AF-B439-692267CF8292}"
EndProject
Global
	GlobalSection(SolutionConfigurationPlatforms) = preSolution
		Debug|Any CPU = Debug|Any CPU
		Release|Any CPU = Release|Any CPU
	EndGlobalSection
	GlobalSection(ProjectConfigurationPlatforms) = postSolution
		{3427207E-36D1-49AF-B439-692267CF8292}.Debug|Any CPU.ActiveCfg = Debug|Any CPU
		{3427207E-36D1-49AF-B439-692267CF8292}.Debug|Any CPU.Build.0 = Debug|Any CPU
		{3427207E-36D1-49AF-B439-692267CF8292}.Release|Any CPU.ActiveCfg = Release|Any CPU
		{3427207E-36D1-49AF-B439-692267CF8292}.Release|Any CPU.Build.0 = Release|Any CPU
	EndGlobalSection
	GlobalSection(SolutionProperties) = preSolution
		HideSolutionNode = FALSE
	EndGlobalSection
	GlobalSection(ExtensibilityGlobals) = postSolution
		SolutionGuid = {42A9599E-6053-4BC3-9D55-CFF950044E8D}
	EndGlobalSection
EndGlobal
