
Microsoft Visual Studio Solution File, Format Version 12.00
# Visual Studio Version 17
VisualStudioVersion = 17.9.34607.119
MinimumVisualStudioVersion = 10.0.40219.1
Project("{FAE04EC0-301F-11D3-BF4B-00C04F79EFBC}") = "Day16", "Day16.csproj", "{34E8F598-160C-4814-A151-C0C14B818737}"
EndProject
Global
	GlobalSection(SolutionConfigurationPlatforms) = preSolution
		Debug|Any CPU = Debug|Any CPU
		Release|Any CPU = Release|Any CPU
	EndGlobalSection
	GlobalSection(ProjectConfigurationPlatforms) = postSolution
		{34E8F598-160C-4814-A151-C0C14B818737}.Debug|Any CPU.ActiveCfg = Debug|Any CPU
		{34E8F598-160C-4814-A151-C0C14B818737}.Debug|Any CPU.Build.0 = Debug|Any CPU
		{34E8F598-160C-4814-A151-C0C14B818737}.Release|Any CPU.ActiveCfg = Release|Any CPU
		{34E8F598-160C-4814-A151-C0C14B818737}.Release|Any CPU.Build.0 = Release|Any CPU
	EndGlobalSection
	GlobalSection(SolutionProperties) = preSolution
		HideSolutionNode = FALSE
	EndGlobalSection
	GlobalSection(ExtensibilityGlobals) = postSolution
		SolutionGuid = {2DA2B436-D9AC-498A-B3AE-1A5E362510B5}
	EndGlobalSection
EndGlobal
