
Microsoft Visual Studio Solution File, Format Version 12.00
# Visual Studio Version 17
VisualStudioVersion = 17.9.34616.47
MinimumVisualStudioVersion = 10.0.40219.1
Project("{FAE04EC0-301F-11D3-BF4B-00C04F79EFBC}") = "Day09", "Day09.csproj", "{C2DF086D-C146-4361-A046-72DEB395A750}"
EndProject
Global
	GlobalSection(SolutionConfigurationPlatforms) = preSolution
		Debug|Any CPU = Debug|Any CPU
		Release|Any CPU = Release|Any CPU
	EndGlobalSection
	GlobalSection(ProjectConfigurationPlatforms) = postSolution
		{C2DF086D-C146-4361-A046-72DEB395A750}.Debug|Any CPU.ActiveCfg = Debug|Any CPU
		{C2DF086D-C146-4361-A046-72DEB395A750}.Debug|Any CPU.Build.0 = Debug|Any CPU
		{C2DF086D-C146-4361-A046-72DEB395A750}.Release|Any CPU.ActiveCfg = Release|Any CPU
		{C2DF086D-C146-4361-A046-72DEB395A750}.Release|Any CPU.Build.0 = Release|Any CPU
	EndGlobalSection
	GlobalSection(SolutionProperties) = preSolution
		HideSolutionNode = FALSE
	EndGlobalSection
	GlobalSection(ExtensibilityGlobals) = postSolution
		SolutionGuid = {C3833E4C-651E-4B41-B7F8-97290ED01B3A}
	EndGlobalSection
EndGlobal
