
Microsoft Visual Studio Solution File, Format Version 12.00
# Visual Studio Version 17
VisualStudioVersion = 17.8.34408.163
MinimumVisualStudioVersion = 10.0.40219.1
Project("{FAE04EC0-301F-11D3-BF4B-00C04F79EFBC}") = "Day18", "Day18.csproj", "{EA206FBF-20AF-4B01-830A-84CE64CCF064}"
EndProject
Global
	GlobalSection(SolutionConfigurationPlatforms) = preSolution
		Debug|Any CPU = Debug|Any CPU
		Release|Any CPU = Release|Any CPU
	EndGlobalSection
	GlobalSection(ProjectConfigurationPlatforms) = postSolution
		{EA206FBF-20AF-4B01-830A-84CE64CCF064}.Debug|Any CPU.ActiveCfg = Debug|Any CPU
		{EA206FBF-20AF-4B01-830A-84CE64CCF064}.Debug|Any CPU.Build.0 = Debug|Any CPU
		{EA206FBF-20AF-4B01-830A-84CE64CCF064}.Release|Any CPU.ActiveCfg = Release|Any CPU
		{EA206FBF-20AF-4B01-830A-84CE64CCF064}.Release|Any CPU.Build.0 = Release|Any CPU
	EndGlobalSection
	GlobalSection(SolutionProperties) = preSolution
		HideSolutionNode = FALSE
	EndGlobalSection
	GlobalSection(ExtensibilityGlobals) = postSolution
		SolutionGuid = {FEB46A2B-58F2-496F-8649-69D705A7B6AA}
	EndGlobalSection
EndGlobal
