
Microsoft Visual Studio Solution File, Format Version 12.00
# Visual Studio Version 17
VisualStudioVersion = 17.8.34309.116
MinimumVisualStudioVersion = 10.0.40219.1
Project("{FAE04EC0-301F-11D3-BF4B-00C04F79EFBC}") = "Day24", "Day24.csproj", "{19C83F6F-2793-43E0-A741-0AF5B0766A9E}"
EndProject
Global
	GlobalSection(SolutionConfigurationPlatforms) = preSolution
		Debug|Any CPU = Debug|Any CPU
		Release|Any CPU = Release|Any CPU
	EndGlobalSection
	GlobalSection(ProjectConfigurationPlatforms) = postSolution
		{19C83F6F-2793-43E0-A741-0AF5B0766A9E}.Debug|Any CPU.ActiveCfg = Debug|Any CPU
		{19C83F6F-2793-43E0-A741-0AF5B0766A9E}.Debug|Any CPU.Build.0 = Debug|Any CPU
		{19C83F6F-2793-43E0-A741-0AF5B0766A9E}.Release|Any CPU.ActiveCfg = Release|Any CPU
		{19C83F6F-2793-43E0-A741-0AF5B0766A9E}.Release|Any CPU.Build.0 = Release|Any CPU
	EndGlobalSection
	GlobalSection(SolutionProperties) = preSolution
		HideSolutionNode = FALSE
	EndGlobalSection
	GlobalSection(ExtensibilityGlobals) = postSolution
		SolutionGuid = {4C7268D4-08B0-48BC-BD05-AD61F9B10D72}
	EndGlobalSection
EndGlobal
