
Microsoft Visual Studio Solution File, Format Version 12.00
# Visual Studio Version 17
VisualStudioVersion = 17.10.35013.160
MinimumVisualStudioVersion = 10.0.40219.1
Project("{FAE04EC0-301F-11D3-BF4B-00C04F79EFBC}") = "Day13", "Day13.csproj", "{C578BDA8-C249-4DCB-91D1-A3C4FB58FADB}"
EndProject
Global
	GlobalSection(SolutionConfigurationPlatforms) = preSolution
		Debug|Any CPU = Debug|Any CPU
		Release|Any CPU = Release|Any CPU
	EndGlobalSection
	GlobalSection(ProjectConfigurationPlatforms) = postSolution
		{C578BDA8-C249-4DCB-91D1-A3C4FB58FADB}.Debug|Any CPU.ActiveCfg = Debug|Any CPU
		{C578BDA8-C249-4DCB-91D1-A3C4FB58FADB}.Debug|Any CPU.Build.0 = Debug|Any CPU
		{C578BDA8-C249-4DCB-91D1-A3C4FB58FADB}.Release|Any CPU.ActiveCfg = Release|Any CPU
		{C578BDA8-C249-4DCB-91D1-A3C4FB58FADB}.Release|Any CPU.Build.0 = Release|Any CPU
	EndGlobalSection
	GlobalSection(SolutionProperties) = preSolution
		HideSolutionNode = FALSE
	EndGlobalSection
	GlobalSection(ExtensibilityGlobals) = postSolution
		SolutionGuid = {6FAD07E1-60F9-43D9-B49E-0E5478B67997}
	EndGlobalSection
EndGlobal
