
Microsoft Visual Studio Solution File, Format Version 12.00
# Visual Studio Version 17
VisualStudioVersion = 17.8.34309.116
MinimumVisualStudioVersion = 10.0.40219.1
Project("{FAE04EC0-301F-11D3-BF4B-00C04F79EFBC}") = "Day09", "Day09.csproj", "{8711B2A4-E2BE-4EB8-95B2-642C9C493E11}"
EndProject
Global
	GlobalSection(SolutionConfigurationPlatforms) = preSolution
		Debug|Any CPU = Debug|Any CPU
		Release|Any CPU = Release|Any CPU
	EndGlobalSection
	GlobalSection(ProjectConfigurationPlatforms) = postSolution
		{8711B2A4-E2BE-4EB8-95B2-642C9C493E11}.Debug|Any CPU.ActiveCfg = Debug|Any CPU
		{8711B2A4-E2BE-4EB8-95B2-642C9C493E11}.Debug|Any CPU.Build.0 = Debug|Any CPU
		{8711B2A4-E2BE-4EB8-95B2-642C9C493E11}.Release|Any CPU.ActiveCfg = Release|Any CPU
		{8711B2A4-E2BE-4EB8-95B2-642C9C493E11}.Release|Any CPU.Build.0 = Release|Any CPU
	EndGlobalSection
	GlobalSection(SolutionProperties) = preSolution
		HideSolutionNode = FALSE
	EndGlobalSection
	GlobalSection(ExtensibilityGlobals) = postSolution
		SolutionGuid = {88837238-D738-40D1-8374-664EFC49F907}
	EndGlobalSection
EndGlobal
