
Microsoft Visual Studio Solution File, Format Version 12.00
# Visual Studio Version 17
VisualStudioVersion = 17.8.34309.116
MinimumVisualStudioVersion = 10.0.40219.1
Project("{FAE04EC0-301F-11D3-BF4B-00C04F79EFBC}") = "Day23", "Day23.csproj", "{3149B614-1CCB-4097-8830-66C282A5EC3C}"
EndProject
Global
	GlobalSection(SolutionConfigurationPlatforms) = preSolution
		Debug|Any CPU = Debug|Any CPU
		Release|Any CPU = Release|Any CPU
	EndGlobalSection
	GlobalSection(ProjectConfigurationPlatforms) = postSolution
		{3149B614-1CCB-4097-8830-66C282A5EC3C}.Debug|Any CPU.ActiveCfg = Debug|Any CPU
		{3149B614-1CCB-4097-8830-66C282A5EC3C}.Debug|Any CPU.Build.0 = Debug|Any CPU
		{3149B614-1CCB-4097-8830-66C282A5EC3C}.Release|Any CPU.ActiveCfg = Release|Any CPU
		{3149B614-1CCB-4097-8830-66C282A5EC3C}.Release|Any CPU.Build.0 = Release|Any CPU
	EndGlobalSection
	GlobalSection(SolutionProperties) = preSolution
		HideSolutionNode = FALSE
	EndGlobalSection
	GlobalSection(ExtensibilityGlobals) = postSolution
		SolutionGuid = {DF9E7496-DA8C-4F68-90F3-8737A763C680}
	EndGlobalSection
EndGlobal
