
Microsoft Visual Studio Solution File, Format Version 12.00
# Visual Studio Version 17
VisualStudioVersion = 17.9.34616.47
MinimumVisualStudioVersion = 10.0.40219.1
Project("{FAE04EC0-301F-11D3-BF4B-00C04F79EFBC}") = "Day15", "Day15.csproj", "{F4437485-4A6C-472C-9807-AC36CF8C4BF2}"
EndProject
Global
	GlobalSection(SolutionConfigurationPlatforms) = preSolution
		Debug|Any CPU = Debug|Any CPU
		Release|Any CPU = Release|Any CPU
	EndGlobalSection
	GlobalSection(ProjectConfigurationPlatforms) = postSolution
		{F4437485-4A6C-472C-9807-AC36CF8C4BF2}.Debug|Any CPU.ActiveCfg = Debug|Any CPU
		{F4437485-4A6C-472C-9807-AC36CF8C4BF2}.Debug|Any CPU.Build.0 = Debug|Any CPU
		{F4437485-4A6C-472C-9807-AC36CF8C4BF2}.Release|Any CPU.ActiveCfg = Release|Any CPU
		{F4437485-4A6C-472C-9807-AC36CF8C4BF2}.Release|Any CPU.Build.0 = Release|Any CPU
	EndGlobalSection
	GlobalSection(SolutionProperties) = preSolution
		HideSolutionNode = FALSE
	EndGlobalSection
	GlobalSection(ExtensibilityGlobals) = postSolution
		SolutionGuid = {9E0607A9-BF74-4B6F-BC86-A893286D9DB8}
	EndGlobalSection
EndGlobal
