
Microsoft Visual Studio Solution File, Format Version 12.00
# Visual Studio Version 17
VisualStudioVersion = 17.8.34330.188
MinimumVisualStudioVersion = 10.0.40219.1
Project("{FAE04EC0-301F-11D3-BF4B-00C04F79EFBC}") = "Day17", "Day17.csproj", "{FC98BBD4-9D75-4695-98A0-91165F422BEF}"
EndProject
Global
	GlobalSection(SolutionConfigurationPlatforms) = preSolution
		Debug|Any CPU = Debug|Any CPU
		Release|Any CPU = Release|Any CPU
	EndGlobalSection
	GlobalSection(ProjectConfigurationPlatforms) = postSolution
		{FC98BBD4-9D75-4695-98A0-91165F422BEF}.Debug|Any CPU.ActiveCfg = Debug|Any CPU
		{FC98BBD4-9D75-4695-98A0-91165F422BEF}.Debug|Any CPU.Build.0 = Debug|Any CPU
		{FC98BBD4-9D75-4695-98A0-91165F422BEF}.Release|Any CPU.ActiveCfg = Release|Any CPU
		{FC98BBD4-9D75-4695-98A0-91165F422BEF}.Release|Any CPU.Build.0 = Release|Any CPU
	EndGlobalSection
	GlobalSection(SolutionProperties) = preSolution
		HideSolutionNode = FALSE
	EndGlobalSection
	GlobalSection(ExtensibilityGlobals) = postSolution
		SolutionGuid = {3CF353C3-E072-42F6-ACA1-04BEC1FF728D}
	EndGlobalSection
EndGlobal
