
Microsoft Visual Studio Solution File, Format Version 12.00
# Visual Studio Version 17
VisualStudioVersion = 17.8.34309.116
MinimumVisualStudioVersion = 10.0.40219.1
Project("{FAE04EC0-301F-11D3-BF4B-00C04F79EFBC}") = "Day10", "Day10.csproj", "{E467C331-1AD5-4ADC-A53B-38038BC5284D}"
EndProject
Global
	GlobalSection(SolutionConfigurationPlatforms) = preSolution
		Debug|Any CPU = Debug|Any CPU
		Release|Any CPU = Release|Any CPU
	EndGlobalSection
	GlobalSection(ProjectConfigurationPlatforms) = postSolution
		{E467C331-1AD5-4ADC-A53B-38038BC5284D}.Debug|Any CPU.ActiveCfg = Debug|Any CPU
		{E467C331-1AD5-4ADC-A53B-38038BC5284D}.Debug|Any CPU.Build.0 = Debug|Any CPU
		{E467C331-1AD5-4ADC-A53B-38038BC5284D}.Release|Any CPU.ActiveCfg = Release|Any CPU
		{E467C331-1AD5-4ADC-A53B-38038BC5284D}.Release|Any CPU.Build.0 = Release|Any CPU
	EndGlobalSection
	GlobalSection(SolutionProperties) = preSolution
		HideSolutionNode = FALSE
	EndGlobalSection
	GlobalSection(ExtensibilityGlobals) = postSolution
		SolutionGuid = {7928830C-D7C4-45EF-9C4C-2130FFD8E1A5}
	EndGlobalSection
EndGlobal
