
Microsoft Visual Studio Solution File, Format Version 12.00
# Visual Studio Version 17
VisualStudioVersion = 17.8.34309.116
MinimumVisualStudioVersion = 10.0.40219.1
Project("{FAE04EC0-301F-11D3-BF4B-00C04F79EFBC}") = "Day09", "Day09.csproj", "{139F7878-D9A7-4124-A5A8-199660A2CF1A}"
EndProject
Global
	GlobalSection(SolutionConfigurationPlatforms) = preSolution
		Debug|Any CPU = Debug|Any CPU
		Release|Any CPU = Release|Any CPU
	EndGlobalSection
	GlobalSection(ProjectConfigurationPlatforms) = postSolution
		{139F7878-D9A7-4124-A5A8-199660A2CF1A}.Debug|Any CPU.ActiveCfg = Debug|Any CPU
		{139F7878-D9A7-4124-A5A8-199660A2CF1A}.Debug|Any CPU.Build.0 = Debug|Any CPU
		{139F7878-D9A7-4124-A5A8-199660A2CF1A}.Release|Any CPU.ActiveCfg = Release|Any CPU
		{139F7878-D9A7-4124-A5A8-199660A2CF1A}.Release|Any CPU.Build.0 = Release|Any CPU
	EndGlobalSection
	GlobalSection(SolutionProperties) = preSolution
		HideSolutionNode = FALSE
	EndGlobalSection
	GlobalSection(ExtensibilityGlobals) = postSolution
		SolutionGuid = {EF31ED03-B6CA-4BFC-9769-629B920056B8}
	EndGlobalSection
EndGlobal
